// !$*UTF8*$!
{
	archiveVersion = 1;
	classes = {
	};
	objectVersion = 50;
	objects = {

/* Begin PBXBuildFile section */
		281AED912507CB010031B026 /* AppDelegate.swift in Sources */ = {isa = PBXBuildFile; fileRef = 281AED902507CB010031B026 /* AppDelegate.swift */; };
		281AED932507CB010031B026 /* SceneDelegate.swift in Sources */ = {isa = PBXBuildFile; fileRef = 281AED922507CB010031B026 /* SceneDelegate.swift */; };
		281AED952507CB010031B026 /* ViewController.swift in Sources */ = {isa = PBXBuildFile; fileRef = 281AED942507CB010031B026 /* ViewController.swift */; };
		281AED982507CB010031B026 /* Main.storyboard in Resources */ = {isa = PBXBuildFile; fileRef = 281AED962507CB010031B026 /* Main.storyboard */; };
		281AED9B2507CB010031B026 /* Twitter_Api.xcdatamodeld in Sources */ = {isa = PBXBuildFile; fileRef = 281AED992507CB010031B026 /* Twitter_Api.xcdatamodeld */; };
		281AED9D2507CB030031B026 /* Assets.xcassets in Resources */ = {isa = PBXBuildFile; fileRef = 281AED9C2507CB030031B026 /* Assets.xcassets */; };
		281AEDA02507CB030031B026 /* LaunchScreen.storyboard in Resources */ = {isa = PBXBuildFile; fileRef = 281AED9E2507CB030031B026 /* LaunchScreen.storyboard */; };
/* End PBXBuildFile section */

/* Begin PBXFileReference section */
		281AED8D2507CB010031B026 /* Twitter_Api.app */ = {isa = PBXFileReference; explicitFileType = wrapper.application; includeInIndex = 0; path = Twitter_Api.app; sourceTree = BUILT_PRODUCTS_DIR; };
		281AED902507CB010031B026 /* AppDelegate.swift */ = {isa = PBXFileReference; lastKnownFileType = sourcecode.swift; path = AppDelegate.swift; sourceTree = "<group>"; };
		281AED922507CB010031B026 /* SceneDelegate.swift */ = {isa = PBXFileReference; lastKnownFileType = sourcecode.swift; path = SceneDelegate.swift; sourceTree = "<group>"; };
		281AED942507CB010031B026 /* ViewController.swift */ = {isa = PBXFileReference; lastKnownFileType = sourcecode.swift; path = ViewController.swift; sourceTree = "<group>"; };
		281AED972507CB010031B026 /* Base */ = {isa = PBXFileReference; lastKnownFileType = file.storyboard; name = Base; path = Base.lproj/Main.storyboard; sourceTree = "<group>"; };
		281AED9A2507CB010031B026 /* Twitter_Api.xcdatamodel */ = {isa = PBXFileReference; lastKnownFileType = wrapper.xcdatamodel; path = Twitter_Api.xcdatamodel; sourceTree = "<group>"; };
		281AED9C2507CB030031B026 /* Assets.xcassets */ = {isa = PBXFileReference; lastKnownFileType = folder.assetcatalog; path = Assets.xcassets; sourceTree = "<group>"; };
		281AED9F2507CB030031B026 /* Base */ = {isa = PBXFileReference; lastKnownFileType = file.storyboard; name = Base; path = Base.lproj/LaunchScreen.storyboard; sourceTree = "<group>"; };
		281AEDA12507CB030031B026 /* Info.plist */ = {isa = PBXFileReference; lastKnownFileType = text.plist.xml; path = Info.plist; sourceTree = "<group>"; };
/* End PBXFileReference section */

/* Begin PBXFrameworksBuildPhase section */
		281AED8A2507CB010031B026 /* Frameworks */ = {
			isa = PBXFrameworksBuildPhase;
			buildActionMask = 2147483647;
			files = (
			);
			runOnlyForDeploymentPostprocessing = 0;
		};
/* End PBXFrameworksBuildPhase section */

/* Begin PBXGroup section */
		281AED842507CB010031B026 = {
			isa = PBXGroup;
			children = (
				281AED8F2507CB010031B026 /* Twitter_Api */,
				281AED8E2507CB010031B026 /* Products */,
			);
			sourceTree = "<group>";
		};
		281AED8E2507CB010031B026 /* Products */ = {
			isa = PBXGroup;
			children = (
				281AED8D2507CB010031B026 /* Twitter_Api.app */,
			);
			name = Products;
			sourceTree = "<group>";
		};
		281AED8F2507CB010031B026 /* Twitter_Api */ = {
			isa = PBXGroup;
			children = (
				281AED902507CB010031B026 /* AppDelegate.swift */,
				281AED922507CB010031B026 /* SceneDelegate.swift */,
				281AED942507CB010031B026 /* ViewController.swift */,
				281AED962507CB010031B026 /* Main.storyboard */,
				281AED9C2507CB030031B026 /* Assets.xcassets */,
				281AED9E2507CB030031B026 /* LaunchScreen.storyboard */,
				281AEDA12507CB030031B026 /* Info.plist */,
				281AED992507CB010031B026 /* Twitter_Api.xcdatamodeld */,
			);
			path = Twitter_Api;
			sourceTree = "<group>";
		};
/* End PBXGroup section */

/* Begin PBXNativeTarget section */
		281AED8C2507CB010031B026 /* Twitter_Api */ = {
			isa = PBXNativeTarget;
			buildConfigurationList = 281AEDA42507CB030031B026 /* Build configuration list for PBXNativeTarget "Twitter_Api" */;
			buildPhases = (
				281AED892507CB010031B026 /* Sources */,
				281AED8A2507CB010031B026 /* Frameworks */,
				281AED8B2507CB010031B026 /* Resources */,
			);
			buildRules = (
			);
			dependencies = (
			);
			name = Twitter_Api;
			productName = Twitter_Api;
			productReference = 281AED8D2507CB010031B026 /* Twitter_Api.app */;
			productType = "com.apple.product-type.application";
		};
/* End PBXNativeTarget section */

/* Begin PBXProject section */
		281AED852507CB010031B026 /* Project object */ = {
			isa = PBXProject;
			attributes = {
				LastSwiftUpdateCheck = 1150;
				LastUpgradeCheck = 1150;
				ORGANIZATIONNAME = "Bunti Nizama";
				TargetAttributes = {
					281AED8C2507CB010031B026 = {
						CreatedOnToolsVersion = 11.5;
					};
				};
			};
			buildConfigurationList = 281AED882507CB010031B026 /* Build configuration list for PBXProject "Twitter_Api" */;
			compatibilityVersion = "Xcode 9.3";
			developmentRegion = en;
			hasScannedForEncodings = 0;
			knownRegions = (
				en,
				Base,
			);
			mainGroup = 281AED842507CB010031B026;
			productRefGroup = 281AED8E2507CB010031B026 /* Products */;
			projectDirPath = "";
			projectRoot = "";
			targets = (
				281AED8C2507CB010031B026 /* Twitter_Api */,
			);
		};
/* End PBXProject section */

/* Begin PBXResourcesBuildPhase section */
		281AED8B2507CB010031B026 /* Resources */ = {
			isa = PBXResourcesBuildPhase;
			buildActionMask = 2147483647;
			files = (
				281AEDA02507CB030031B026 /* LaunchScreen.storyboard in Resources */,
				281AED9D2507CB030031B026 /* Assets.xcassets in Resources */,
				281AED982507CB010031B026 /* Main.storyboard in Resources */,
			);
			runOnlyForDeploymentPostprocessing = 0;
		};
/* End PBXResourcesBuildPhase section */

/* Begin PBXSourcesBuildPhase section */
		281AED892507CB010031B026 /* Sources */ = {
			isa = PBXSourcesBuildPhase;
			buildActionMask = 2147483647;
			files = (
				281AED9B2507CB010031B026 /* Twitter_Api.xcdatamodeld in Sources */,
				281AED952507CB010031B026 /* ViewController.swift in Sources */,
				281AED912507CB010031B026 /* AppDelegate.swift in Sources */,
				281AED932507CB010031B026 /* SceneDelegate.swift in Sources */,
			);
			runOnlyForDeploymentPostprocessing = 0;
		};
/* End PBXSourcesBuildPhase section */

/* Begin PBXVariantGroup section */
		281AED962507CB010031B026 /* Main.storyboard */ = {
			isa = PBXVariantGroup;
			children = (
				281AED972507CB010031B026 /* Base */,
			);
			name = Main.storyboard;
			sourceTree = "<group>";
		};
		281AED9E2507CB030031B026 /* LaunchScreen.storyboard */ = {
			isa = PBXVariantGroup;
			children = (
				281AED9F2507CB030031B026 /* Base */,
			);
			name = LaunchScreen.storyboard;
			sourceTree = "<group>";
		};
/* End PBXVariantGroup section */

/* Begin XCBuildConfiguration section */
		281AEDA22507CB030031B026 /* Debug */ = {
			isa = XCBuildConfiguration;
			buildSettings = {
				ALWAYS_SEARCH_USER_PATHS = NO;
				CLANG_ANALYZER_NONNULL = YES;
				CLANG_ANALYZER_NUMBER_OBJECT_CONVERSION = YES_AGGRESSIVE;
				CLANG_CXX_LANGUAGE_STANDARD = "gnu++14";
				CLANG_CXX_LIBRARY = "libc++";
				CLANG_ENABLE_MODULES = YES;
				CLANG_ENABLE_OBJC_ARC = YES;
				CLANG_ENABLE_OBJC_WEAK = YES;
				CLANG_WARN_BLOCK_CAPTURE_AUTORELEASING = YES;
				CLANG_WARN_BOOL_CONVERSION = YES;
				CLANG_WARN_COMMA = YES;
				CLANG_WARN_CONSTANT_CONVERSION = YES;
				CLANG_WARN_DEPRECATED_OBJC_IMPLEMENTATIONS = YES;
				CLANG_WARN_DIRECT_OBJC_ISA_USAGE = YES_ERROR;
				CLANG_WARN_DOCUMENTATION_COMMENTS = YES;
				CLANG_WARN_EMPTY_BODY = YES;
				CLANG_WARN_ENUM_CONVERSION = YES;
				CLANG_WARN_INFINITE_RECURSION = YES;
				CLANG_WARN_INT_CONVERSION = YES;
				CLANG_WARN_NON_LITERAL_NULL_CONVERSION = YES;
				CLANG_WARN_OBJC_IMPLICIT_RETAIN_SELF = YES;
				CLANG_WARN_OBJC_LITERAL_CONVERSION = YES;
				CLANG_WARN_OBJC_ROOT_CLASS = YES_ERROR;
				CLANG_WARN_RANGE_LOOP_ANALYSIS = YES;
				CLANG_WARN_STRICT_PROTOTYPES = YES;
				CLANG_WARN_SUSPICIOUS_MOVE = YES;
				CLANG_WARN_UNGUARDED_AVAILABILITY = YES_AGGRESSIVE;
				CLANG_WARN_UNREACHABLE_CODE = YES;
				CLANG_WARN__DUPLICATE_METHOD_MATCH = YES;
				COPY_PHASE_STRIP = NO;
				DEBUG_INFORMATION_FORMAT = dwarf;
				ENABLE_STRICT_OBJC_MSGSEND = YES;
				ENABLE_TESTABILITY = YES;
				GCC_C_LANGUAGE_STANDARD = gnu11;
				GCC_DYNAMIC_NO_PIC = NO;
				GCC_NO_COMMON_BLOCKS = YES;
				GCC_OPTIMIZATION_LEVEL = 0;
				GCC_PREPROCESSOR_DEFINITIONS = (
					"DEBUG=1",
					"$(inherited)",
				);
				GCC_WARN_64_TO_32_BIT_CONVERSION = YES;
				GCC_WARN_ABOUT_RETURN_TYPE = YES_ERROR;
				GCC_WARN_UNDECLARED_SELECTOR = YES;
				GCC_WARN_UNINITIALIZED_AUTOS = YES_AGGRESSIVE;
				GCC_WARN_UNUSED_FUNCTION = YES;
				GCC_WARN_UNUSED_VARIABLE = YES;
				IPHONEOS_DEPLOYMENT_TARGET = 13.5;
				MTL_ENABLE_DEBUG_INFO = INCLUDE_SOURCE;
				MTL_FAST_MATH = YES;
				ONLY_ACTIVE_ARCH = YES;
				SDKROOT = iphoneos;
				SWIFT_ACTIVE_COMPILATION_CONDITIONS = DEBUG;
				SWIFT_OPTIMIZATION_LEVEL = "-Onone";
			};
			name = Debug;
		};
		281AEDA32507CB030031B026 /* Release */ = {
			isa = XCBuildConfiguration;
			buildSettings = {
				ALWAYS_SEARCH_USER_PATHS = NO;
				CLANG_ANALYZER_NONNULL = YES;
				CLANG_ANALYZER_NUMBER_OBJECT_CONVERSION = YES_AGGRESSIVE;
				CLANG_CXX_LANGUAGE_STANDARD = "gnu++14";
				CLANG_CXX_LIBRARY = "libc++";
				CLANG_ENABLE_MODULES = YES;
				CLANG_ENABLE_OBJC_ARC = YES;
				CLANG_ENABLE_OBJC_WEAK = YES;
				CLANG_WARN_BLOCK_CAPTURE_AUTORELEASING = YES;
				CLANG_WARN_BOOL_CONVERSION = YES;
				CLANG_WARN_COMMA = YES;
				CLANG_WARN_CONSTANT_CONVERSION = YES;
				CLANG_WARN_DEPRECATED_OBJC_IMPLEMENTATIONS = YES;
				CLANG_WARN_DIRECT_OBJC_ISA_USAGE = YES_ERROR;
				CLANG_WARN_DOCUMENTATION_COMMENTS = YES;
				CLANG_WARN_EMPTY_BODY = YES;
				CLANG_WARN_ENUM_CONVERSION = YES;
				CLANG_WARN_INFINITE_RECURSION = YES;
				CLANG_WARN_INT_CONVERSION = YES;
				CLANG_WARN_NON_LITERAL_NULL_CONVERSION = YES;
				CLANG_WARN_OBJC_IMPLICIT_RETAIN_SELF = YES;
				CLANG_WARN_OBJC_LITERAL_CONVERSION = YES;
				CLANG_WARN_OBJC_ROOT_CLASS = YES_ERROR;
				CLANG_WARN_RANGE_LOOP_ANALYSIS = YES;
				CLANG_WARN_STRICT_PROTOTYPES = YES;
				CLANG_WARN_SUSPICIOUS_MOVE = YES;
				CLANG_WARN_UNGUARDED_AVAILABILITY = YES_AGGRESSIVE;
				CLANG_WARN_UNREACHABLE_CODE = YES;
				CLANG_WARN__DUPLICATE_METHOD_MATCH = YES;
				COPY_PHASE_STRIP = NO;
				DEBUG_INFORMATION_FORMAT = "dwarf-with-dsym";
				ENABLE_NS_ASSERTIONS = NO;
				ENABLE_STRICT_OBJC_MSGSEND = YES;
				GCC_C_LANGUAGE_STANDARD = gnu11;
				GCC_NO_COMMON_BLOCKS = YES;
				GCC_WARN_64_TO_32_BIT_CONVERSION = YES;
				GCC_WARN_ABOUT_RETURN_TYPE = YES_ERROR;
				GCC_WARN_UNDECLARED_SELECTOR = YES;
				GCC_WARN_UNINITIALIZED_AUTOS = YES_AGGRESSIVE;
				GCC_WARN_UNUSED_FUNCTION = YES;
				GCC_WARN_UNUSED_VARIABLE = YES;
				IPHONEOS_DEPLOYMENT_TARGET = 13.5;
				MTL_ENABLE_DEBUG_INFO = NO;
				MTL_FAST_MATH = YES;
				SDKROOT = iphoneos;
				SWIFT_COMPILATION_MODE = wholemodule;
				SWIFT_OPTIMIZATION_LEVEL = "-O";
				VALIDATE_PRODUCT = YES;
			};
			name = Release;
		};
		281AEDA52507CB030031B026 /* Debug */ = {
			isa = XCBuildConfiguration;
			buildSettings = {
				ASSETCATALOG_COMPILER_APPICON_NAME = AppIcon;
				CODE_SIGN_STYLE = Automatic;
				INFOPLIST_FILE = Twitter_Api/Info.plist;
				LD_RUNPATH_SEARCH_PATHS = (
					"$(inherited)",
					"@executable_path/Frameworks",
				);
				PRODUCT_BUNDLE_IDENTIFIER = "com.BuntiNizama-Test.Twitter-Api";
				PRODUCT_NAME = "$(TARGET_NAME)";
				SWIFT_VERSION = 5.0;
				TARGETED_DEVICE_FAMILY = "1,2";
			};
			name = Debug;
		};
		281AEDA62507CB030031B026 /* Release */ = {
			isa = XCBuildConfiguration;
			buildSettings = {
				ASSETCATALOG_COMPILER_APPICON_NAME = AppIcon;
				CODE_SIGN_STYLE = Automatic;
				INFOPLIST_FILE = Twitter_Api/Info.plist;
				LD_RUNPATH_SEARCH_PATHS = (
					"$(inherited)",
					"@executable_path/Frameworks",
				);
				PRODUCT_BUNDLE_IDENTIFIER = "com.BuntiNizama-Test.Twitter-Api";
				PRODUCT_NAME = "$(TARGET_NAME)";
				SWIFT_VERSION = 5.0;
				TARGETED_DEVICE_FAMILY = "1,2";
			};
			name = Release;
		};
/* End XCBuildConfiguration section */

/* Begin XCConfigurationList section */
		281AED882507CB010031B026 /* Build configuration list for PBXProject "Twitter_Api" */ = {
			isa = XCConfigurationList;
			buildConfigurations = (
				281AEDA22507CB030031B026 /* Debug */,
				281AEDA32507CB030031B026 /* Release */,
			);
			defaultConfigurationIsVisible = 0;
			defaultConfigurationName = Release;
		};
		281AEDA42507CB030031B026 /* Build configuration list for PBXNativeTarget "Twitter_Api" */ = {
			isa = XCConfigurationList;
			buildConfigurations = (
				281AEDA52507CB030031B026 /* Debug */,
				281AEDA62507CB030031B026 /* Release */,
			);
			defaultConfigurationIsVisible = 0;
			defaultConfigurationName = Release;
		};
/* End XCConfigurationList section */

/* Begin XCVersionGroup section */
		281AED992507CB010031B026 /* Twitter_Api.xcdatamodeld */ = {
			isa = XCVersionGroup;
			children = (
				281AED9A2507CB010031B026 /* Twitter_Api.xcdatamodel */,
			);
			currentVersion = 281AED9A2507CB010031B026 /* Twitter_Api.xcdatamodel */;
			path = Twitter_Api.xcdatamodeld;
			sourceTree = "<group>";
			versionGroupType = wrapper.xcdatamodel;
		};
/* End XCVersionGroup section */
	};
	rootObject = 281AED852507CB010031B026 /* Project object */;
}
