// !$*UTF8*$!
{
	archiveVersion = 1;
	classes = {
	};
	objectVersion = 50;
	objects = {

/* Begin PBXBuildFile section */
		2821791524A397B30019EE12 /* AppDelegate.swift in Sources */ = {isa = PBXBuildFile; fileRef = 2821791424A397B30019EE12 /* AppDelegate.swift */; };
		2821791724A397B30019EE12 /* SceneDelegate.swift in Sources */ = {isa = PBXBuildFile; fileRef = 2821791624A397B30019EE12 /* SceneDelegate.swift */; };
		2821791924A397B30019EE12 /* ViewController1.swift in Sources */ = {isa = PBXBuildFile; fileRef = 2821791824A397B30019EE12 /* ViewController1.swift */; };
		2821791C24A397B30019EE12 /* Main.storyboard in Resources */ = {isa = PBXBuildFile; fileRef = 2821791A24A397B30019EE12 /* Main.storyboard */; };
		2821791E24A397B70019EE12 /* Assets.xcassets in Resources */ = {isa = PBXBuildFile; fileRef = 2821791D24A397B70019EE12 /* Assets.xcassets */; };
		2821792124A397B70019EE12 /* LaunchScreen.storyboard in Resources */ = {isa = PBXBuildFile; fileRef = 2821791F24A397B70019EE12 /* LaunchScreen.storyboard */; };
		2821792924A397F00019EE12 /* ViewController2.swift in Sources */ = {isa = PBXBuildFile; fileRef = 2821792824A397F00019EE12 /* ViewController2.swift */; };
		2821792B24A3A8D30019EE12 /* TabViewController.swift in Sources */ = {isa = PBXBuildFile; fileRef = 2821792A24A3A8D30019EE12 /* TabViewController.swift */; };
/* End PBXBuildFile section */

/* Begin PBXFileReference section */
		2821791124A397B30019EE12 /* tabBarExample.app */ = {isa = PBXFileReference; explicitFileType = wrapper.application; includeInIndex = 0; path = tabBarExample.app; sourceTree = BUILT_PRODUCTS_DIR; };
		2821791424A397B30019EE12 /* AppDelegate.swift */ = {isa = PBXFileReference; lastKnownFileType = sourcecode.swift; path = AppDelegate.swift; sourceTree = "<group>"; };
		2821791624A397B30019EE12 /* SceneDelegate.swift */ = {isa = PBXFileReference; lastKnownFileType = sourcecode.swift; path = SceneDelegate.swift; sourceTree = "<group>"; };
		2821791824A397B30019EE12 /* ViewController1.swift */ = {isa = PBXFileReference; lastKnownFileType = sourcecode.swift; path = ViewController1.swift; sourceTree = "<group>"; };
		2821791B24A397B30019EE12 /* Base */ = {isa = PBXFileReference; lastKnownFileType = file.storyboard; name = Base; path = Base.lproj/Main.storyboard; sourceTree = "<group>"; };
		2821791D24A397B70019EE12 /* Assets.xcassets */ = {isa = PBXFileReference; lastKnownFileType = folder.assetcatalog; path = Assets.xcassets; sourceTree = "<group>"; };
		2821792024A397B70019EE12 /* Base */ = {isa = PBXFileReference; lastKnownFileType = file.storyboard; name = Base; path = Base.lproj/LaunchScreen.storyboard; sourceTree = "<group>"; };
		2821792224A397B70019EE12 /* Info.plist */ = {isa = PBXFileReference; lastKnownFileType = text.plist.xml; path = Info.plist; sourceTree = "<group>"; };
		2821792824A397F00019EE12 /* ViewController2.swift */ = {isa = PBXFileReference; lastKnownFileType = sourcecode.swift; path = ViewController2.swift; sourceTree = "<group>"; };
		2821792A24A3A8D30019EE12 /* TabViewController.swift */ = {isa = PBXFileReference; lastKnownFileType = sourcecode.swift; path = TabViewController.swift; sourceTree = "<group>"; };
/* End PBXFileReference section */

/* Begin PBXFrameworksBuildPhase section */
		2821790E24A397B30019EE12 /* Frameworks */ = {
			isa = PBXFrameworksBuildPhase;
			buildActionMask = 2147483647;
			files = (
			);
			runOnlyForDeploymentPostprocessing = 0;
		};
/* End PBXFrameworksBuildPhase section */

/* Begin PBXGroup section */
		2821790824A397B30019EE12 = {
			isa = PBXGroup;
			children = (
				2821791324A397B30019EE12 /* tabBarExample */,
				2821791224A397B30019EE12 /* Products */,
			);
			sourceTree = "<group>";
		};
		2821791224A397B30019EE12 /* Products */ = {
			isa = PBXGroup;
			children = (
				2821791124A397B30019EE12 /* tabBarExample.app */,
			);
			name = Products;
			sourceTree = "<group>";
		};
		2821791324A397B30019EE12 /* tabBarExample */ = {
			isa = PBXGroup;
			children = (
				2821791424A397B30019EE12 /* AppDelegate.swift */,
				2821791624A397B30019EE12 /* SceneDelegate.swift */,
				2821792A24A3A8D30019EE12 /* TabViewController.swift */,
				2821791824A397B30019EE12 /* ViewController1.swift */,
				2821792824A397F00019EE12 /* ViewController2.swift */,
				2821791A24A397B30019EE12 /* Main.storyboard */,
				2821791D24A397B70019EE12 /* Assets.xcassets */,
				2821791F24A397B70019EE12 /* LaunchScreen.storyboard */,
				2821792224A397B70019EE12 /* Info.plist */,
			);
			path = tabBarExample;
			sourceTree = "<group>";
		};
/* End PBXGroup section */

/* Begin PBXNativeTarget section */
		2821791024A397B30019EE12 /* tabBarExample */ = {
			isa = PBXNativeTarget;
			buildConfigurationList = 2821792524A397B70019EE12 /* Build configuration list for PBXNativeTarget "tabBarExample" */;
			buildPhases = (
				2821790D24A397B30019EE12 /* Sources */,
				2821790E24A397B30019EE12 /* Frameworks */,
				2821790F24A397B30019EE12 /* Resources */,
			);
			buildRules = (
			);
			dependencies = (
			);
			name = tabBarExample;
			productName = tabBarExample;
			productReference = 2821791124A397B30019EE12 /* tabBarExample.app */;
			productType = "com.apple.product-type.application";
		};
/* End PBXNativeTarget section */

/* Begin PBXProject section */
		2821790924A397B30019EE12 /* Project object */ = {
			isa = PBXProject;
			attributes = {
				LastSwiftUpdateCheck = 1150;
				LastUpgradeCheck = 1150;
				ORGANIZATIONNAME = "Allianz Cloud";
				TargetAttributes = {
					2821791024A397B30019EE12 = {
						CreatedOnToolsVersion = 11.5;
					};
				};
			};
			buildConfigurationList = 2821790C24A397B30019EE12 /* Build configuration list for PBXProject "tabBarExample" */;
			compatibilityVersion = "Xcode 9.3";
			developmentRegion = en;
			hasScannedForEncodings = 0;
			knownRegions = (
				en,
				Base,
			);
			mainGroup = 2821790824A397B30019EE12;
			productRefGroup = 2821791224A397B30019EE12 /* Products */;
			projectDirPath = "";
			projectRoot = "";
			targets = (
				2821791024A397B30019EE12 /* tabBarExample */,
			);
		};
/* End PBXProject section */

/* Begin PBXResourcesBuildPhase section */
		2821790F24A397B30019EE12 /* Resources */ = {
			isa = PBXResourcesBuildPhase;
			buildActionMask = 2147483647;
			files = (
				2821792124A397B70019EE12 /* LaunchScreen.storyboard in Resources */,
				2821791E24A397B70019EE12 /* Assets.xcassets in Resources */,
				2821791C24A397B30019EE12 /* Main.storyboard in Resources */,
			);
			runOnlyForDeploymentPostprocessing = 0;
		};
/* End PBXResourcesBuildPhase section */

/* Begin PBXSourcesBuildPhase section */
		2821790D24A397B30019EE12 /* Sources */ = {
			isa = PBXSourcesBuildPhase;
			buildActionMask = 2147483647;
			files = (
				2821792924A397F00019EE12 /* ViewController2.swift in Sources */,
				2821791924A397B30019EE12 /* ViewController1.swift in Sources */,
				2821791524A397B30019EE12 /* AppDelegate.swift in Sources */,
				2821792B24A3A8D30019EE12 /* TabViewController.swift in Sources */,
				2821791724A397B30019EE12 /* SceneDelegate.swift in Sources */,
			);
			runOnlyForDeploymentPostprocessing = 0;
		};
/* End PBXSourcesBuildPhase section */

/* Begin PBXVariantGroup section */
		2821791A24A397B30019EE12 /* Main.storyboard */ = {
			isa = PBXVariantGroup;
			children = (
				2821791B24A397B30019EE12 /* Base */,
			);
			name = Main.storyboard;
			sourceTree = "<group>";
		};
		2821791F24A397B70019EE12 /* LaunchScreen.storyboard */ = {
			isa = PBXVariantGroup;
			children = (
				2821792024A397B70019EE12 /* Base */,
			);
			name = LaunchScreen.storyboard;
			sourceTree = "<group>";
		};
/* End PBXVariantGroup section */

/* Begin XCBuildConfiguration section */
		2821792324A397B70019EE12 /* Debug */ = {
			isa = XCBuildConfiguration;
			buildSettings = {
				ALWAYS_SEARCH_USER_PATHS = NO;
				CLANG_ANALYZER_NONNULL = YES;
				CLANG_ANALYZER_NUMBER_OBJECT_CONVERSION = YES_AGGRESSIVE;
				CLANG_CXX_LANGUAGE_STANDARD = "gnu++14";
				CLANG_CXX_LIBRARY = "libc++";
				CLANG_ENABLE_MODULES = YES;
				CLANG_ENABLE_OBJC_ARC = YES;
				CLANG_ENABLE_OBJC_WEAK = YES;
				CLANG_WARN_BLOCK_CAPTURE_AUTORELEASING = YES;
				CLANG_WARN_BOOL_CONVERSION = YES;
				CLANG_WARN_COMMA = YES;
				CLANG_WARN_CONSTANT_CONVERSION = YES;
				CLANG_WARN_DEPRECATED_OBJC_IMPLEMENTATIONS = YES;
				CLANG_WARN_DIRECT_OBJC_ISA_USAGE = YES_ERROR;
				CLANG_WARN_DOCUMENTATION_COMMENTS = YES;
				CLANG_WARN_EMPTY_BODY = YES;
				CLANG_WARN_ENUM_CONVERSION = YES;
				CLANG_WARN_INFINITE_RECURSION = YES;
				CLANG_WARN_INT_CONVERSION = YES;
				CLANG_WARN_NON_LITERAL_NULL_CONVERSION = YES;
				CLANG_WARN_OBJC_IMPLICIT_RETAIN_SELF = YES;
				CLANG_WARN_OBJC_LITERAL_CONVERSION = YES;
				CLANG_WARN_OBJC_ROOT_CLASS = YES_ERROR;
				CLANG_WARN_RANGE_LOOP_ANALYSIS = YES;
				CLANG_WARN_STRICT_PROTOTYPES = YES;
				CLANG_WARN_SUSPICIOUS_MOVE = YES;
				CLANG_WARN_UNGUARDED_AVAILABILITY = YES_AGGRESSIVE;
				CLANG_WARN_UNREACHABLE_CODE = YES;
				CLANG_WARN__DUPLICATE_METHOD_MATCH = YES;
				COPY_PHASE_STRIP = NO;
				DEBUG_INFORMATION_FORMAT = dwarf;
				ENABLE_STRICT_OBJC_MSGSEND = YES;
				ENABLE_TESTABILITY = YES;
				GCC_C_LANGUAGE_STANDARD = gnu11;
				GCC_DYNAMIC_NO_PIC = NO;
				GCC_NO_COMMON_BLOCKS = YES;
				GCC_OPTIMIZATION_LEVEL = 0;
				GCC_PREPROCESSOR_DEFINITIONS = (
					"DEBUG=1",
					"$(inherited)",
				);
				GCC_WARN_64_TO_32_BIT_CONVERSION = YES;
				GCC_WARN_ABOUT_RETURN_TYPE = YES_ERROR;
				GCC_WARN_UNDECLARED_SELECTOR = YES;
				GCC_WARN_UNINITIALIZED_AUTOS = YES_AGGRESSIVE;
				GCC_WARN_UNUSED_FUNCTION = YES;
				GCC_WARN_UNUSED_VARIABLE = YES;
				IPHONEOS_DEPLOYMENT_TARGET = 13.5;
				MTL_ENABLE_DEBUG_INFO = INCLUDE_SOURCE;
				MTL_FAST_MATH = YES;
				ONLY_ACTIVE_ARCH = YES;
				SDKROOT = iphoneos;
				SWIFT_ACTIVE_COMPILATION_CONDITIONS = DEBUG;
				SWIFT_OPTIMIZATION_LEVEL = "-Onone";
			};
			name = Debug;
		};
		2821792424A397B70019EE12 /* Release */ = {
			isa = XCBuildConfiguration;
			buildSettings = {
				ALWAYS_SEARCH_USER_PATHS = NO;
				CLANG_ANALYZER_NONNULL = YES;
				CLANG_ANALYZER_NUMBER_OBJECT_CONVERSION = YES_AGGRESSIVE;
				CLANG_CXX_LANGUAGE_STANDARD = "gnu++14";
				CLANG_CXX_LIBRARY = "libc++";
				CLANG_ENABLE_MODULES = YES;
				CLANG_ENABLE_OBJC_ARC = YES;
				CLANG_ENABLE_OBJC_WEAK = YES;
				CLANG_WARN_BLOCK_CAPTURE_AUTORELEASING = YES;
				CLANG_WARN_BOOL_CONVERSION = YES;
				CLANG_WARN_COMMA = YES;
				CLANG_WARN_CONSTANT_CONVERSION = YES;
				CLANG_WARN_DEPRECATED_OBJC_IMPLEMENTATIONS = YES;
				CLANG_WARN_DIRECT_OBJC_ISA_USAGE = YES_ERROR;
				CLANG_WARN_DOCUMENTATION_COMMENTS = YES;
				CLANG_WARN_EMPTY_BODY = YES;
				CLANG_WARN_ENUM_CONVERSION = YES;
				CLANG_WARN_INFINITE_RECURSION = YES;
				CLANG_WARN_INT_CONVERSION = YES;
				CLANG_WARN_NON_LITERAL_NULL_CONVERSION = YES;
				CLANG_WARN_OBJC_IMPLICIT_RETAIN_SELF = YES;
				CLANG_WARN_OBJC_LITERAL_CONVERSION = YES;
				CLANG_WARN_OBJC_ROOT_CLASS = YES_ERROR;
				CLANG_WARN_RANGE_LOOP_ANALYSIS = YES;
				CLANG_WARN_STRICT_PROTOTYPES = YES;
				CLANG_WARN_SUSPICIOUS_MOVE = YES;
				CLANG_WARN_UNGUARDED_AVAILABILITY = YES_AGGRESSIVE;
				CLANG_WARN_UNREACHABLE_CODE = YES;
				CLANG_WARN__DUPLICATE_METHOD_MATCH = YES;
				COPY_PHASE_STRIP = NO;
				DEBUG_INFORMATION_FORMAT = "dwarf-with-dsym";
				ENABLE_NS_ASSERTIONS = NO;
				ENABLE_STRICT_OBJC_MSGSEND = YES;
				GCC_C_LANGUAGE_STANDARD = gnu11;
				GCC_NO_COMMON_BLOCKS = YES;
				GCC_WARN_64_TO_32_BIT_CONVERSION = YES;
				GCC_WARN_ABOUT_RETURN_TYPE = YES_ERROR;
				GCC_WARN_UNDECLARED_SELECTOR = YES;
				GCC_WARN_UNINITIALIZED_AUTOS = YES_AGGRESSIVE;
				GCC_WARN_UNUSED_FUNCTION = YES;
				GCC_WARN_UNUSED_VARIABLE = YES;
				IPHONEOS_DEPLOYMENT_TARGET = 13.5;
				MTL_ENABLE_DEBUG_INFO = NO;
				MTL_FAST_MATH = YES;
				SDKROOT = iphoneos;
				SWIFT_COMPILATION_MODE = wholemodule;
				SWIFT_OPTIMIZATION_LEVEL = "-O";
				VALIDATE_PRODUCT = YES;
			};
			name = Release;
		};
		2821792624A397B70019EE12 /* Debug */ = {
			isa = XCBuildConfiguration;
			buildSettings = {
				ASSETCATALOG_COMPILER_APPICON_NAME = AppIcon;
				CODE_SIGN_STYLE = Automatic;
				DEVELOPMENT_TEAM = 2F9VRC5G72;
				INFOPLIST_FILE = tabBarExample/Info.plist;
				LD_RUNPATH_SEARCH_PATHS = (
					"$(inherited)",
					"@executable_path/Frameworks",
				);
				PRODUCT_BUNDLE_IDENTIFIER = AllianzCloud.tabBarExample;
				PRODUCT_NAME = "$(TARGET_NAME)";
				SWIFT_VERSION = 5.0;
				TARGETED_DEVICE_FAMILY = "1,2";
			};
			name = Debug;
		};
		2821792724A397B70019EE12 /* Release */ = {
			isa = XCBuildConfiguration;
			buildSettings = {
				ASSETCATALOG_COMPILER_APPICON_NAME = AppIcon;
				CODE_SIGN_STYLE = Automatic;
				DEVELOPMENT_TEAM = 2F9VRC5G72;
				INFOPLIST_FILE = tabBarExample/Info.plist;
				LD_RUNPATH_SEARCH_PATHS = (
					"$(inherited)",
					"@executable_path/Frameworks",
				);
				PRODUCT_BUNDLE_IDENTIFIER = AllianzCloud.tabBarExample;
				PRODUCT_NAME = "$(TARGET_NAME)";
				SWIFT_VERSION = 5.0;
				TARGETED_DEVICE_FAMILY = "1,2";
			};
			name = Release;
		};
/* End XCBuildConfiguration section */

/* Begin XCConfigurationList section */
		2821790C24A397B30019EE12 /* Build configuration list for PBXProject "tabBarExample" */ = {
			isa = XCConfigurationList;
			buildConfigurations = (
				2821792324A397B70019EE12 /* Debug */,
				2821792424A397B70019EE12 /* Release */,
			);
			defaultConfigurationIsVisible = 0;
			defaultConfigurationName = Release;
		};
		2821792524A397B70019EE12 /* Build configuration list for PBXNativeTarget "tabBarExample" */ = {
			isa = XCConfigurationList;
			buildConfigurations = (
				2821792624A397B70019EE12 /* Debug */,
				2821792724A397B70019EE12 /* Release */,
			);
			defaultConfigurationIsVisible = 0;
			defaultConfigurationName = Release;
		};
/* End XCConfigurationList section */
	};
	rootObject = 2821790924A397B30019EE12 /* Project object */;
}
