// !$*UTF8*$!
{
	archiveVersion = 1;
	classes = {
	};
	objectVersion = 50;
	objects = {

/* Begin PBXBuildFile section */
		2809DC4A24AF737B006B34E0 /* AppDelegate.swift in Sources */ = {isa = PBXBuildFile; fileRef = 2809DC4924AF737B006B34E0 /* AppDelegate.swift */; };
		2809DC4C24AF737B006B34E0 /* SceneDelegate.swift in Sources */ = {isa = PBXBuildFile; fileRef = 2809DC4B24AF737B006B34E0 /* SceneDelegate.swift */; };
		2809DC4E24AF737B006B34E0 /* ViewController.swift in Sources */ = {isa = PBXBuildFile; fileRef = 2809DC4D24AF737B006B34E0 /* ViewController.swift */; };
		2809DC5124AF737B006B34E0 /* Main.storyboard in Resources */ = {isa = PBXBuildFile; fileRef = 2809DC4F24AF737B006B34E0 /* Main.storyboard */; };
		2809DC5324AF737D006B34E0 /* Assets.xcassets in Resources */ = {isa = PBXBuildFile; fileRef = 2809DC5224AF737D006B34E0 /* Assets.xcassets */; };
		2809DC5624AF737D006B34E0 /* LaunchScreen.storyboard in Resources */ = {isa = PBXBuildFile; fileRef = 2809DC5424AF737D006B34E0 /* LaunchScreen.storyboard */; };
		2809DC5E24AF782C006B34E0 /* ItemCell.swift in Sources */ = {isa = PBXBuildFile; fileRef = 2809DC5D24AF782C006B34E0 /* ItemCell.swift */; };
/* End PBXBuildFile section */

/* Begin PBXFileReference section */
		2809DC4624AF737B006B34E0 /* CollationViewExample.app */ = {isa = PBXFileReference; explicitFileType = wrapper.application; includeInIndex = 0; path = CollationViewExample.app; sourceTree = BUILT_PRODUCTS_DIR; };
		2809DC4924AF737B006B34E0 /* AppDelegate.swift */ = {isa = PBXFileReference; lastKnownFileType = sourcecode.swift; path = AppDelegate.swift; sourceTree = "<group>"; };
		2809DC4B24AF737B006B34E0 /* SceneDelegate.swift */ = {isa = PBXFileReference; lastKnownFileType = sourcecode.swift; path = SceneDelegate.swift; sourceTree = "<group>"; };
		2809DC4D24AF737B006B34E0 /* ViewController.swift */ = {isa = PBXFileReference; lastKnownFileType = sourcecode.swift; path = ViewController.swift; sourceTree = "<group>"; };
		2809DC5024AF737B006B34E0 /* Base */ = {isa = PBXFileReference; lastKnownFileType = file.storyboard; name = Base; path = Base.lproj/Main.storyboard; sourceTree = "<group>"; };
		2809DC5224AF737D006B34E0 /* Assets.xcassets */ = {isa = PBXFileReference; lastKnownFileType = folder.assetcatalog; path = Assets.xcassets; sourceTree = "<group>"; };
		2809DC5524AF737D006B34E0 /* Base */ = {isa = PBXFileReference; lastKnownFileType = file.storyboard; name = Base; path = Base.lproj/LaunchScreen.storyboard; sourceTree = "<group>"; };
		2809DC5724AF737D006B34E0 /* Info.plist */ = {isa = PBXFileReference; lastKnownFileType = text.plist.xml; path = Info.plist; sourceTree = "<group>"; };
		2809DC5D24AF782C006B34E0 /* ItemCell.swift */ = {isa = PBXFileReference; lastKnownFileType = sourcecode.swift; path = ItemCell.swift; sourceTree = "<group>"; };
/* End PBXFileReference section */

/* Begin PBXFrameworksBuildPhase section */
		2809DC4324AF737B006B34E0 /* Frameworks */ = {
			isa = PBXFrameworksBuildPhase;
			buildActionMask = 2147483647;
			files = (
			);
			runOnlyForDeploymentPostprocessing = 0;
		};
/* End PBXFrameworksBuildPhase section */

/* Begin PBXGroup section */
		2809DC3D24AF737B006B34E0 = {
			isa = PBXGroup;
			children = (
				2809DC4824AF737B006B34E0 /* CollationViewExample */,
				2809DC4724AF737B006B34E0 /* Products */,
			);
			sourceTree = "<group>";
		};
		2809DC4724AF737B006B34E0 /* Products */ = {
			isa = PBXGroup;
			children = (
				2809DC4624AF737B006B34E0 /* CollationViewExample.app */,
			);
			name = Products;
			sourceTree = "<group>";
		};
		2809DC4824AF737B006B34E0 /* CollationViewExample */ = {
			isa = PBXGroup;
			children = (
				2809DC4924AF737B006B34E0 /* AppDelegate.swift */,
				2809DC4B24AF737B006B34E0 /* SceneDelegate.swift */,
				2809DC4D24AF737B006B34E0 /* ViewController.swift */,
				2809DC5D24AF782C006B34E0 /* ItemCell.swift */,
				2809DC4F24AF737B006B34E0 /* Main.storyboard */,
				2809DC5224AF737D006B34E0 /* Assets.xcassets */,
				2809DC5424AF737D006B34E0 /* LaunchScreen.storyboard */,
				2809DC5724AF737D006B34E0 /* Info.plist */,
			);
			path = CollationViewExample;
			sourceTree = "<group>";
		};
/* End PBXGroup section */

/* Begin PBXNativeTarget section */
		2809DC4524AF737B006B34E0 /* CollationViewExample */ = {
			isa = PBXNativeTarget;
			buildConfigurationList = 2809DC5A24AF737D006B34E0 /* Build configuration list for PBXNativeTarget "CollationViewExample" */;
			buildPhases = (
				2809DC4224AF737B006B34E0 /* Sources */,
				2809DC4324AF737B006B34E0 /* Frameworks */,
				2809DC4424AF737B006B34E0 /* Resources */,
			);
			buildRules = (
			);
			dependencies = (
			);
			name = CollationViewExample;
			productName = CollationViewExample;
			productReference = 2809DC4624AF737B006B34E0 /* CollationViewExample.app */;
			productType = "com.apple.product-type.application";
		};
/* End PBXNativeTarget section */

/* Begin PBXProject section */
		2809DC3E24AF737B006B34E0 /* Project object */ = {
			isa = PBXProject;
			attributes = {
				LastSwiftUpdateCheck = 1150;
				LastUpgradeCheck = 1150;
				ORGANIZATIONNAME = "Bunti Nizama";
				TargetAttributes = {
					2809DC4524AF737B006B34E0 = {
						CreatedOnToolsVersion = 11.5;
					};
				};
			};
			buildConfigurationList = 2809DC4124AF737B006B34E0 /* Build configuration list for PBXProject "CollationViewExample" */;
			compatibilityVersion = "Xcode 9.3";
			developmentRegion = en;
			hasScannedForEncodings = 0;
			knownRegions = (
				en,
				Base,
			);
			mainGroup = 2809DC3D24AF737B006B34E0;
			productRefGroup = 2809DC4724AF737B006B34E0 /* Products */;
			projectDirPath = "";
			projectRoot = "";
			targets = (
				2809DC4524AF737B006B34E0 /* CollationViewExample */,
			);
		};
/* End PBXProject section */

/* Begin PBXResourcesBuildPhase section */
		2809DC4424AF737B006B34E0 /* Resources */ = {
			isa = PBXResourcesBuildPhase;
			buildActionMask = 2147483647;
			files = (
				2809DC5624AF737D006B34E0 /* LaunchScreen.storyboard in Resources */,
				2809DC5324AF737D006B34E0 /* Assets.xcassets in Resources */,
				2809DC5124AF737B006B34E0 /* Main.storyboard in Resources */,
			);
			runOnlyForDeploymentPostprocessing = 0;
		};
/* End PBXResourcesBuildPhase section */

/* Begin PBXSourcesBuildPhase section */
		2809DC4224AF737B006B34E0 /* Sources */ = {
			isa = PBXSourcesBuildPhase;
			buildActionMask = 2147483647;
			files = (
				2809DC5E24AF782C006B34E0 /* ItemCell.swift in Sources */,
				2809DC4E24AF737B006B34E0 /* ViewController.swift in Sources */,
				2809DC4A24AF737B006B34E0 /* AppDelegate.swift in Sources */,
				2809DC4C24AF737B006B34E0 /* SceneDelegate.swift in Sources */,
			);
			runOnlyForDeploymentPostprocessing = 0;
		};
/* End PBXSourcesBuildPhase section */

/* Begin PBXVariantGroup section */
		2809DC4F24AF737B006B34E0 /* Main.storyboard */ = {
			isa = PBXVariantGroup;
			children = (
				2809DC5024AF737B006B34E0 /* Base */,
			);
			name = Main.storyboard;
			sourceTree = "<group>";
		};
		2809DC5424AF737D006B34E0 /* LaunchScreen.storyboard */ = {
			isa = PBXVariantGroup;
			children = (
				2809DC5524AF737D006B34E0 /* Base */,
			);
			name = LaunchScreen.storyboard;
			sourceTree = "<group>";
		};
/* End PBXVariantGroup section */

/* Begin XCBuildConfiguration section */
		2809DC5824AF737D006B34E0 /* Debug */ = {
			isa = XCBuildConfiguration;
			buildSettings = {
				ALWAYS_SEARCH_USER_PATHS = NO;
				CLANG_ANALYZER_NONNULL = YES;
				CLANG_ANALYZER_NUMBER_OBJECT_CONVERSION = YES_AGGRESSIVE;
				CLANG_CXX_LANGUAGE_STANDARD = "gnu++14";
				CLANG_CXX_LIBRARY = "libc++";
				CLANG_ENABLE_MODULES = YES;
				CLANG_ENABLE_OBJC_ARC = YES;
				CLANG_ENABLE_OBJC_WEAK = YES;
				CLANG_WARN_BLOCK_CAPTURE_AUTORELEASING = YES;
				CLANG_WARN_BOOL_CONVERSION = YES;
				CLANG_WARN_COMMA = YES;
				CLANG_WARN_CONSTANT_CONVERSION = YES;
				CLANG_WARN_DEPRECATED_OBJC_IMPLEMENTATIONS = YES;
				CLANG_WARN_DIRECT_OBJC_ISA_USAGE = YES_ERROR;
				CLANG_WARN_DOCUMENTATION_COMMENTS = YES;
				CLANG_WARN_EMPTY_BODY = YES;
				CLANG_WARN_ENUM_CONVERSION = YES;
				CLANG_WARN_INFINITE_RECURSION = YES;
				CLANG_WARN_INT_CONVERSION = YES;
				CLANG_WARN_NON_LITERAL_NULL_CONVERSION = YES;
				CLANG_WARN_OBJC_IMPLICIT_RETAIN_SELF = YES;
				CLANG_WARN_OBJC_LITERAL_CONVERSION = YES;
				CLANG_WARN_OBJC_ROOT_CLASS = YES_ERROR;
				CLANG_WARN_RANGE_LOOP_ANALYSIS = YES;
				CLANG_WARN_STRICT_PROTOTYPES = YES;
				CLANG_WARN_SUSPICIOUS_MOVE = YES;
				CLANG_WARN_UNGUARDED_AVAILABILITY = YES_AGGRESSIVE;
				CLANG_WARN_UNREACHABLE_CODE = YES;
				CLANG_WARN__DUPLICATE_METHOD_MATCH = YES;
				COPY_PHASE_STRIP = NO;
				DEBUG_INFORMATION_FORMAT = dwarf;
				ENABLE_STRICT_OBJC_MSGSEND = YES;
				ENABLE_TESTABILITY = YES;
				GCC_C_LANGUAGE_STANDARD = gnu11;
				GCC_DYNAMIC_NO_PIC = NO;
				GCC_NO_COMMON_BLOCKS = YES;
				GCC_OPTIMIZATION_LEVEL = 0;
				GCC_PREPROCESSOR_DEFINITIONS = (
					"DEBUG=1",
					"$(inherited)",
				);
				GCC_WARN_64_TO_32_BIT_CONVERSION = YES;
				GCC_WARN_ABOUT_RETURN_TYPE = YES_ERROR;
				GCC_WARN_UNDECLARED_SELECTOR = YES;
				GCC_WARN_UNINITIALIZED_AUTOS = YES_AGGRESSIVE;
				GCC_WARN_UNUSED_FUNCTION = YES;
				GCC_WARN_UNUSED_VARIABLE = YES;
				IPHONEOS_DEPLOYMENT_TARGET = 13.5;
				MTL_ENABLE_DEBUG_INFO = INCLUDE_SOURCE;
				MTL_FAST_MATH = YES;
				ONLY_ACTIVE_ARCH = YES;
				SDKROOT = iphoneos;
				SWIFT_ACTIVE_COMPILATION_CONDITIONS = DEBUG;
				SWIFT_OPTIMIZATION_LEVEL = "-Onone";
			};
			name = Debug;
		};
		2809DC5924AF737D006B34E0 /* Release */ = {
			isa = XCBuildConfiguration;
			buildSettings = {
				ALWAYS_SEARCH_USER_PATHS = NO;
				CLANG_ANALYZER_NONNULL = YES;
				CLANG_ANALYZER_NUMBER_OBJECT_CONVERSION = YES_AGGRESSIVE;
				CLANG_CXX_LANGUAGE_STANDARD = "gnu++14";
				CLANG_CXX_LIBRARY = "libc++";
				CLANG_ENABLE_MODULES = YES;
				CLANG_ENABLE_OBJC_ARC = YES;
				CLANG_ENABLE_OBJC_WEAK = YES;
				CLANG_WARN_BLOCK_CAPTURE_AUTORELEASING = YES;
				CLANG_WARN_BOOL_CONVERSION = YES;
				CLANG_WARN_COMMA = YES;
				CLANG_WARN_CONSTANT_CONVERSION = YES;
				CLANG_WARN_DEPRECATED_OBJC_IMPLEMENTATIONS = YES;
				CLANG_WARN_DIRECT_OBJC_ISA_USAGE = YES_ERROR;
				CLANG_WARN_DOCUMENTATION_COMMENTS = YES;
				CLANG_WARN_EMPTY_BODY = YES;
				CLANG_WARN_ENUM_CONVERSION = YES;
				CLANG_WARN_INFINITE_RECURSION = YES;
				CLANG_WARN_INT_CONVERSION = YES;
				CLANG_WARN_NON_LITERAL_NULL_CONVERSION = YES;
				CLANG_WARN_OBJC_IMPLICIT_RETAIN_SELF = YES;
				CLANG_WARN_OBJC_LITERAL_CONVERSION = YES;
				CLANG_WARN_OBJC_ROOT_CLASS = YES_ERROR;
				CLANG_WARN_RANGE_LOOP_ANALYSIS = YES;
				CLANG_WARN_STRICT_PROTOTYPES = YES;
				CLANG_WARN_SUSPICIOUS_MOVE = YES;
				CLANG_WARN_UNGUARDED_AVAILABILITY = YES_AGGRESSIVE;
				CLANG_WARN_UNREACHABLE_CODE = YES;
				CLANG_WARN__DUPLICATE_METHOD_MATCH = YES;
				COPY_PHASE_STRIP = NO;
				DEBUG_INFORMATION_FORMAT = "dwarf-with-dsym";
				ENABLE_NS_ASSERTIONS = NO;
				ENABLE_STRICT_OBJC_MSGSEND = YES;
				GCC_C_LANGUAGE_STANDARD = gnu11;
				GCC_NO_COMMON_BLOCKS = YES;
				GCC_WARN_64_TO_32_BIT_CONVERSION = YES;
				GCC_WARN_ABOUT_RETURN_TYPE = YES_ERROR;
				GCC_WARN_UNDECLARED_SELECTOR = YES;
				GCC_WARN_UNINITIALIZED_AUTOS = YES_AGGRESSIVE;
				GCC_WARN_UNUSED_FUNCTION = YES;
				GCC_WARN_UNUSED_VARIABLE = YES;
				IPHONEOS_DEPLOYMENT_TARGET = 13.5;
				MTL_ENABLE_DEBUG_INFO = NO;
				MTL_FAST_MATH = YES;
				SDKROOT = iphoneos;
				SWIFT_COMPILATION_MODE = wholemodule;
				SWIFT_OPTIMIZATION_LEVEL = "-O";
				VALIDATE_PRODUCT = YES;
			};
			name = Release;
		};
		2809DC5B24AF737D006B34E0 /* Debug */ = {
			isa = XCBuildConfiguration;
			buildSettings = {
				ASSETCATALOG_COMPILER_APPICON_NAME = AppIcon;
				CODE_SIGN_STYLE = Automatic;
				INFOPLIST_FILE = CollationViewExample/Info.plist;
				LD_RUNPATH_SEARCH_PATHS = (
					"$(inherited)",
					"@executable_path/Frameworks",
				);
				PRODUCT_BUNDLE_IDENTIFIER = "com.BuntiNizama-Test.CollationViewExample";
				PRODUCT_NAME = "$(TARGET_NAME)";
				SWIFT_VERSION = 5.0;
				TARGETED_DEVICE_FAMILY = "1,2";
			};
			name = Debug;
		};
		2809DC5C24AF737D006B34E0 /* Release */ = {
			isa = XCBuildConfiguration;
			buildSettings = {
				ASSETCATALOG_COMPILER_APPICON_NAME = AppIcon;
				CODE_SIGN_STYLE = Automatic;
				INFOPLIST_FILE = CollationViewExample/Info.plist;
				LD_RUNPATH_SEARCH_PATHS = (
					"$(inherited)",
					"@executable_path/Frameworks",
				);
				PRODUCT_BUNDLE_IDENTIFIER = "com.BuntiNizama-Test.CollationViewExample";
				PRODUCT_NAME = "$(TARGET_NAME)";
				SWIFT_VERSION = 5.0;
				TARGETED_DEVICE_FAMILY = "1,2";
			};
			name = Release;
		};
/* End XCBuildConfiguration section */

/* Begin XCConfigurationList section */
		2809DC4124AF737B006B34E0 /* Build configuration list for PBXProject "CollationViewExample" */ = {
			isa = XCConfigurationList;
			buildConfigurations = (
				2809DC5824AF737D006B34E0 /* Debug */,
				2809DC5924AF737D006B34E0 /* Release */,
			);
			defaultConfigurationIsVisible = 0;
			defaultConfigurationName = Release;
		};
		2809DC5A24AF737D006B34E0 /* Build configuration list for PBXNativeTarget "CollationViewExample" */ = {
			isa = XCConfigurationList;
			buildConfigurations = (
				2809DC5B24AF737D006B34E0 /* Debug */,
				2809DC5C24AF737D006B34E0 /* Release */,
			);
			defaultConfigurationIsVisible = 0;
			defaultConfigurationName = Release;
		};
/* End XCConfigurationList section */
	};
	rootObject = 2809DC3E24AF737B006B34E0 /* Project object */;
}
