// !$*UTF8*$!
{
	archiveVersion = 1;
	classes = {
	};
	objectVersion = 50;
	objects = {

/* Begin PBXBuildFile section */
		5012D82024DC1BC800F7D742 /* AppDelegate.swift in Sources */ = {isa = PBXBuildFile; fileRef = 5012D81F24DC1BC800F7D742 /* AppDelegate.swift */; };
		5012D82224DC1BC800F7D742 /* SceneDelegate.swift in Sources */ = {isa = PBXBuildFile; fileRef = 5012D82124DC1BC800F7D742 /* SceneDelegate.swift */; };
		5012D82424DC1BC800F7D742 /* ViewController.swift in Sources */ = {isa = PBXBuildFile; fileRef = 5012D82324DC1BC800F7D742 /* ViewController.swift */; };
		5012D82724DC1BC800F7D742 /* Main.storyboard in Resources */ = {isa = PBXBuildFile; fileRef = 5012D82524DC1BC800F7D742 /* Main.storyboard */; };
		5012D82924DC1BCA00F7D742 /* Assets.xcassets in Resources */ = {isa = PBXBuildFile; fileRef = 5012D82824DC1BCA00F7D742 /* Assets.xcassets */; };
		5012D82C24DC1BCA00F7D742 /* LaunchScreen.storyboard in Resources */ = {isa = PBXBuildFile; fileRef = 5012D82A24DC1BCA00F7D742 /* LaunchScreen.storyboard */; };
/* End PBXBuildFile section */

/* Begin PBXFileReference section */
		5012D81C24DC1BC800F7D742 /* Masque_Ouverture_Twitter.app */ = {isa = PBXFileReference; explicitFileType = wrapper.application; includeInIndex = 0; path = Masque_Ouverture_Twitter.app; sourceTree = BUILT_PRODUCTS_DIR; };
		5012D81F24DC1BC800F7D742 /* AppDelegate.swift */ = {isa = PBXFileReference; lastKnownFileType = sourcecode.swift; path = AppDelegate.swift; sourceTree = "<group>"; };
		5012D82124DC1BC800F7D742 /* SceneDelegate.swift */ = {isa = PBXFileReference; lastKnownFileType = sourcecode.swift; path = SceneDelegate.swift; sourceTree = "<group>"; };
		5012D82324DC1BC800F7D742 /* ViewController.swift */ = {isa = PBXFileReference; lastKnownFileType = sourcecode.swift; path = ViewController.swift; sourceTree = "<group>"; };
		5012D82624DC1BC800F7D742 /* Base */ = {isa = PBXFileReference; lastKnownFileType = file.storyboard; name = Base; path = Base.lproj/Main.storyboard; sourceTree = "<group>"; };
		5012D82824DC1BCA00F7D742 /* Assets.xcassets */ = {isa = PBXFileReference; lastKnownFileType = folder.assetcatalog; path = Assets.xcassets; sourceTree = "<group>"; };
		5012D82B24DC1BCA00F7D742 /* Base */ = {isa = PBXFileReference; lastKnownFileType = file.storyboard; name = Base; path = Base.lproj/LaunchScreen.storyboard; sourceTree = "<group>"; };
		5012D82D24DC1BCA00F7D742 /* Info.plist */ = {isa = PBXFileReference; lastKnownFileType = text.plist.xml; path = Info.plist; sourceTree = "<group>"; };
/* End PBXFileReference section */

/* Begin PBXFrameworksBuildPhase section */
		5012D81924DC1BC800F7D742 /* Frameworks */ = {
			isa = PBXFrameworksBuildPhase;
			buildActionMask = 2147483647;
			files = (
			);
			runOnlyForDeploymentPostprocessing = 0;
		};
/* End PBXFrameworksBuildPhase section */

/* Begin PBXGroup section */
		5012D81324DC1BC800F7D742 = {
			isa = PBXGroup;
			children = (
				5012D81E24DC1BC800F7D742 /* Masque_Ouverture_Twitter */,
				5012D81D24DC1BC800F7D742 /* Products */,
			);
			sourceTree = "<group>";
		};
		5012D81D24DC1BC800F7D742 /* Products */ = {
			isa = PBXGroup;
			children = (
				5012D81C24DC1BC800F7D742 /* Masque_Ouverture_Twitter.app */,
			);
			name = Products;
			sourceTree = "<group>";
		};
		5012D81E24DC1BC800F7D742 /* Masque_Ouverture_Twitter */ = {
			isa = PBXGroup;
			children = (
				5012D81F24DC1BC800F7D742 /* AppDelegate.swift */,
				5012D82124DC1BC800F7D742 /* SceneDelegate.swift */,
				5012D82324DC1BC800F7D742 /* ViewController.swift */,
				5012D82524DC1BC800F7D742 /* Main.storyboard */,
				5012D82824DC1BCA00F7D742 /* Assets.xcassets */,
				5012D82A24DC1BCA00F7D742 /* LaunchScreen.storyboard */,
				5012D82D24DC1BCA00F7D742 /* Info.plist */,
			);
			path = Masque_Ouverture_Twitter;
			sourceTree = "<group>";
		};
/* End PBXGroup section */

/* Begin PBXNativeTarget section */
		5012D81B24DC1BC800F7D742 /* Masque_Ouverture_Twitter */ = {
			isa = PBXNativeTarget;
			buildConfigurationList = 5012D83024DC1BCA00F7D742 /* Build configuration list for PBXNativeTarget "Masque_Ouverture_Twitter" */;
			buildPhases = (
				5012D81824DC1BC800F7D742 /* Sources */,
				5012D81924DC1BC800F7D742 /* Frameworks */,
				5012D81A24DC1BC800F7D742 /* Resources */,
			);
			buildRules = (
			);
			dependencies = (
			);
			name = Masque_Ouverture_Twitter;
			productName = Masque_Ouverture_Twitter;
			productReference = 5012D81C24DC1BC800F7D742 /* Masque_Ouverture_Twitter.app */;
			productType = "com.apple.product-type.application";
		};
/* End PBXNativeTarget section */

/* Begin PBXProject section */
		5012D81424DC1BC800F7D742 /* Project object */ = {
			isa = PBXProject;
			attributes = {
				LastSwiftUpdateCheck = 1140;
				LastUpgradeCheck = 1140;
				ORGANIZATIONNAME = Wandianga;
				TargetAttributes = {
					5012D81B24DC1BC800F7D742 = {
						CreatedOnToolsVersion = 11.4.1;
					};
				};
			};
			buildConfigurationList = 5012D81724DC1BC800F7D742 /* Build configuration list for PBXProject "Masque_Ouverture_Twitter" */;
			compatibilityVersion = "Xcode 9.3";
			developmentRegion = en;
			hasScannedForEncodings = 0;
			knownRegions = (
				en,
				Base,
			);
			mainGroup = 5012D81324DC1BC800F7D742;
			productRefGroup = 5012D81D24DC1BC800F7D742 /* Products */;
			projectDirPath = "";
			projectRoot = "";
			targets = (
				5012D81B24DC1BC800F7D742 /* Masque_Ouverture_Twitter */,
			);
		};
/* End PBXProject section */

/* Begin PBXResourcesBuildPhase section */
		5012D81A24DC1BC800F7D742 /* Resources */ = {
			isa = PBXResourcesBuildPhase;
			buildActionMask = 2147483647;
			files = (
				5012D82C24DC1BCA00F7D742 /* LaunchScreen.storyboard in Resources */,
				5012D82924DC1BCA00F7D742 /* Assets.xcassets in Resources */,
				5012D82724DC1BC800F7D742 /* Main.storyboard in Resources */,
			);
			runOnlyForDeploymentPostprocessing = 0;
		};
/* End PBXResourcesBuildPhase section */

/* Begin PBXSourcesBuildPhase section */
		5012D81824DC1BC800F7D742 /* Sources */ = {
			isa = PBXSourcesBuildPhase;
			buildActionMask = 2147483647;
			files = (
				5012D82424DC1BC800F7D742 /* ViewController.swift in Sources */,
				5012D82024DC1BC800F7D742 /* AppDelegate.swift in Sources */,
				5012D82224DC1BC800F7D742 /* SceneDelegate.swift in Sources */,
			);
			runOnlyForDeploymentPostprocessing = 0;
		};
/* End PBXSourcesBuildPhase section */

/* Begin PBXVariantGroup section */
		5012D82524DC1BC800F7D742 /* Main.storyboard */ = {
			isa = PBXVariantGroup;
			children = (
				5012D82624DC1BC800F7D742 /* Base */,
			);
			name = Main.storyboard;
			sourceTree = "<group>";
		};
		5012D82A24DC1BCA00F7D742 /* LaunchScreen.storyboard */ = {
			isa = PBXVariantGroup;
			children = (
				5012D82B24DC1BCA00F7D742 /* Base */,
			);
			name = LaunchScreen.storyboard;
			sourceTree = "<group>";
		};
/* End PBXVariantGroup section */

/* Begin XCBuildConfiguration section */
		5012D82E24DC1BCA00F7D742 /* Debug */ = {
			isa = XCBuildConfiguration;
			buildSettings = {
				ALWAYS_SEARCH_USER_PATHS = NO;
				CLANG_ANALYZER_NONNULL = YES;
				CLANG_ANALYZER_NUMBER_OBJECT_CONVERSION = YES_AGGRESSIVE;
				CLANG_CXX_LANGUAGE_STANDARD = "gnu++14";
				CLANG_CXX_LIBRARY = "libc++";
				CLANG_ENABLE_MODULES = YES;
				CLANG_ENABLE_OBJC_ARC = YES;
				CLANG_ENABLE_OBJC_WEAK = YES;
				CLANG_WARN_BLOCK_CAPTURE_AUTORELEASING = YES;
				CLANG_WARN_BOOL_CONVERSION = YES;
				CLANG_WARN_COMMA = YES;
				CLANG_WARN_CONSTANT_CONVERSION = YES;
				CLANG_WARN_DEPRECATED_OBJC_IMPLEMENTATIONS = YES;
				CLANG_WARN_DIRECT_OBJC_ISA_USAGE = YES_ERROR;
				CLANG_WARN_DOCUMENTATION_COMMENTS = YES;
				CLANG_WARN_EMPTY_BODY = YES;
				CLANG_WARN_ENUM_CONVERSION = YES;
				CLANG_WARN_INFINITE_RECURSION = YES;
				CLANG_WARN_INT_CONVERSION = YES;
				CLANG_WARN_NON_LITERAL_NULL_CONVERSION = YES;
				CLANG_WARN_OBJC_IMPLICIT_RETAIN_SELF = YES;
				CLANG_WARN_OBJC_LITERAL_CONVERSION = YES;
				CLANG_WARN_OBJC_ROOT_CLASS = YES_ERROR;
				CLANG_WARN_RANGE_LOOP_ANALYSIS = YES;
				CLANG_WARN_STRICT_PROTOTYPES = YES;
				CLANG_WARN_SUSPICIOUS_MOVE = YES;
				CLANG_WARN_UNGUARDED_AVAILABILITY = YES_AGGRESSIVE;
				CLANG_WARN_UNREACHABLE_CODE = YES;
				CLANG_WARN__DUPLICATE_METHOD_MATCH = YES;
				COPY_PHASE_STRIP = NO;
				DEBUG_INFORMATION_FORMAT = dwarf;
				ENABLE_STRICT_OBJC_MSGSEND = YES;
				ENABLE_TESTABILITY = YES;
				GCC_C_LANGUAGE_STANDARD = gnu11;
				GCC_DYNAMIC_NO_PIC = NO;
				GCC_NO_COMMON_BLOCKS = YES;
				GCC_OPTIMIZATION_LEVEL = 0;
				GCC_PREPROCESSOR_DEFINITIONS = (
					"DEBUG=1",
					"$(inherited)",
				);
				GCC_WARN_64_TO_32_BIT_CONVERSION = YES;
				GCC_WARN_ABOUT_RETURN_TYPE = YES_ERROR;
				GCC_WARN_UNDECLARED_SELECTOR = YES;
				GCC_WARN_UNINITIALIZED_AUTOS = YES_AGGRESSIVE;
				GCC_WARN_UNUSED_FUNCTION = YES;
				GCC_WARN_UNUSED_VARIABLE = YES;
				IPHONEOS_DEPLOYMENT_TARGET = 13.4;
				MTL_ENABLE_DEBUG_INFO = INCLUDE_SOURCE;
				MTL_FAST_MATH = YES;
				ONLY_ACTIVE_ARCH = YES;
				SDKROOT = iphoneos;
				SWIFT_ACTIVE_COMPILATION_CONDITIONS = DEBUG;
				SWIFT_OPTIMIZATION_LEVEL = "-Onone";
			};
			name = Debug;
		};
		5012D82F24DC1BCA00F7D742 /* Release */ = {
			isa = XCBuildConfiguration;
			buildSettings = {
				ALWAYS_SEARCH_USER_PATHS = NO;
				CLANG_ANALYZER_NONNULL = YES;
				CLANG_ANALYZER_NUMBER_OBJECT_CONVERSION = YES_AGGRESSIVE;
				CLANG_CXX_LANGUAGE_STANDARD = "gnu++14";
				CLANG_CXX_LIBRARY = "libc++";
				CLANG_ENABLE_MODULES = YES;
				CLANG_ENABLE_OBJC_ARC = YES;
				CLANG_ENABLE_OBJC_WEAK = YES;
				CLANG_WARN_BLOCK_CAPTURE_AUTORELEASING = YES;
				CLANG_WARN_BOOL_CONVERSION = YES;
				CLANG_WARN_COMMA = YES;
				CLANG_WARN_CONSTANT_CONVERSION = YES;
				CLANG_WARN_DEPRECATED_OBJC_IMPLEMENTATIONS = YES;
				CLANG_WARN_DIRECT_OBJC_ISA_USAGE = YES_ERROR;
				CLANG_WARN_DOCUMENTATION_COMMENTS = YES;
				CLANG_WARN_EMPTY_BODY = YES;
				CLANG_WARN_ENUM_CONVERSION = YES;
				CLANG_WARN_INFINITE_RECURSION = YES;
				CLANG_WARN_INT_CONVERSION = YES;
				CLANG_WARN_NON_LITERAL_NULL_CONVERSION = YES;
				CLANG_WARN_OBJC_IMPLICIT_RETAIN_SELF = YES;
				CLANG_WARN_OBJC_LITERAL_CONVERSION = YES;
				CLANG_WARN_OBJC_ROOT_CLASS = YES_ERROR;
				CLANG_WARN_RANGE_LOOP_ANALYSIS = YES;
				CLANG_WARN_STRICT_PROTOTYPES = YES;
				CLANG_WARN_SUSPICIOUS_MOVE = YES;
				CLANG_WARN_UNGUARDED_AVAILABILITY = YES_AGGRESSIVE;
				CLANG_WARN_UNREACHABLE_CODE = YES;
				CLANG_WARN__DUPLICATE_METHOD_MATCH = YES;
				COPY_PHASE_STRIP = NO;
				DEBUG_INFORMATION_FORMAT = "dwarf-with-dsym";
				ENABLE_NS_ASSERTIONS = NO;
				ENABLE_STRICT_OBJC_MSGSEND = YES;
				GCC_C_LANGUAGE_STANDARD = gnu11;
				GCC_NO_COMMON_BLOCKS = YES;
				GCC_WARN_64_TO_32_BIT_CONVERSION = YES;
				GCC_WARN_ABOUT_RETURN_TYPE = YES_ERROR;
				GCC_WARN_UNDECLARED_SELECTOR = YES;
				GCC_WARN_UNINITIALIZED_AUTOS = YES_AGGRESSIVE;
				GCC_WARN_UNUSED_FUNCTION = YES;
				GCC_WARN_UNUSED_VARIABLE = YES;
				IPHONEOS_DEPLOYMENT_TARGET = 13.4;
				MTL_ENABLE_DEBUG_INFO = NO;
				MTL_FAST_MATH = YES;
				SDKROOT = iphoneos;
				SWIFT_COMPILATION_MODE = wholemodule;
				SWIFT_OPTIMIZATION_LEVEL = "-O";
				VALIDATE_PRODUCT = YES;
			};
			name = Release;
		};
		5012D83124DC1BCA00F7D742 /* Debug */ = {
			isa = XCBuildConfiguration;
			buildSettings = {
				ASSETCATALOG_COMPILER_APPICON_NAME = AppIcon;
				CODE_SIGN_STYLE = Automatic;
				DEVELOPMENT_TEAM = 2V8J9Z7FB8;
				INFOPLIST_FILE = Masque_Ouverture_Twitter/Info.plist;
				LD_RUNPATH_SEARCH_PATHS = (
					"$(inherited)",
					"@executable_path/Frameworks",
				);
				PRODUCT_BUNDLE_IDENTIFIER = "com.hw.Masque-Ouverture-Twitter";
				PRODUCT_NAME = "$(TARGET_NAME)";
				SWIFT_VERSION = 5.0;
				TARGETED_DEVICE_FAMILY = "1,2";
			};
			name = Debug;
		};
		5012D83224DC1BCA00F7D742 /* Release */ = {
			isa = XCBuildConfiguration;
			buildSettings = {
				ASSETCATALOG_COMPILER_APPICON_NAME = AppIcon;
				CODE_SIGN_STYLE = Automatic;
				DEVELOPMENT_TEAM = 2V8J9Z7FB8;
				INFOPLIST_FILE = Masque_Ouverture_Twitter/Info.plist;
				LD_RUNPATH_SEARCH_PATHS = (
					"$(inherited)",
					"@executable_path/Frameworks",
				);
				PRODUCT_BUNDLE_IDENTIFIER = "com.hw.Masque-Ouverture-Twitter";
				PRODUCT_NAME = "$(TARGET_NAME)";
				SWIFT_VERSION = 5.0;
				TARGETED_DEVICE_FAMILY = "1,2";
			};
			name = Release;
		};
/* End XCBuildConfiguration section */

/* Begin XCConfigurationList section */
		5012D81724DC1BC800F7D742 /* Build configuration list for PBXProject "Masque_Ouverture_Twitter" */ = {
			isa = XCConfigurationList;
			buildConfigurations = (
				5012D82E24DC1BCA00F7D742 /* Debug */,
				5012D82F24DC1BCA00F7D742 /* Release */,
			);
			defaultConfigurationIsVisible = 0;
			defaultConfigurationName = Release;
		};
		5012D83024DC1BCA00F7D742 /* Build configuration list for PBXNativeTarget "Masque_Ouverture_Twitter" */ = {
			isa = XCConfigurationList;
			buildConfigurations = (
				5012D83124DC1BCA00F7D742 /* Debug */,
				5012D83224DC1BCA00F7D742 /* Release */,
			);
			defaultConfigurationIsVisible = 0;
			defaultConfigurationName = Release;
		};
/* End XCConfigurationList section */
	};
	rootObject = 5012D81424DC1BC800F7D742 /* Project object */;
}
